
Microsoft Visual Studio Solution File, Format Version 12.00
# Visual Studio 15
VisualStudioVersion = 15.0.28010.2036
MinimumVisualStudioVersion = 10.0.40219.1
Project("{9A19103F-16F7-4668-BE54-9A1E7A4F7556}") = "SimpleCoinDebug", "SimpleCoinDebug\SimpleCoinDebug.csproj", "{B78A151D-31B3-4CFB-A2C1-FA69B3BF948E}"
EndProject
Project("{9A19103F-16F7-4668-BE54-9A1E7A4F7556}") = "SimpleBlockchain", "SimpleBlockchain\SimpleBlockchain.csproj", "{502D3A4F-E80C-4D7D-80DA-F0DE52F9418C}"
EndProject
Project("{9A19103F-16F7-4668-BE54-9A1E7A4F7556}") = "MerkleTree", "MerkleTree\MerkleTree.csproj", "{7E917711-39CA-43D9-A0AE-8F88486528FD}"
EndProject
Project("{9A19103F-16F7-4668-BE54-9A1E7A4F7556}") = "DriveAccess", "DriveAccess\DriveAccess.csproj", "{7855CCC0-90BB-44B6-83DC-910EE9224DE4}"
EndProject
Project("{9A19103F-16F7-4668-BE54-9A1E7A4F7556}") = "ServerDebug", "ServerDebug\ServerDebug.csproj", "{D15E16FD-87F0-460E-A2FA-9D158CACD9C2}"
EndProject
Project("{9A19103F-16F7-4668-BE54-9A1E7A4F7556}") = "ClientDebug", "ClientDebug\ClientDebug.csproj", "{8D364403-E9C7-45B3-A76F-5D85C84276A5}"
EndProject
Project("{9A19103F-16F7-4668-BE54-9A1E7A4F7556}") = "FirstPeer", "FirstPeer\FirstPeer.csproj", "{A4CAEA1C-66D6-4D03-AF8F-CD9FB6A6EBB3}"
EndProject
Project("{9A19103F-16F7-4668-BE54-9A1E7A4F7556}") = "SecondPeer", "SecondPeer\SecondPeer.csproj", "{78952243-DF36-4DF6-8370-0CAB95B4099A}"
EndProject
Global
	GlobalSection(SolutionConfigurationPlatforms) = preSolution
		Debug|Any CPU = Debug|Any CPU
		Release|Any CPU = Release|Any CPU
	EndGlobalSection
	GlobalSection(ProjectConfigurationPlatforms) = postSolution
		{B78A151D-31B3-4CFB-A2C1-FA69B3BF948E}.Debug|Any CPU.ActiveCfg = Debug|Any CPU
		{B78A151D-31B3-4CFB-A2C1-FA69B3BF948E}.Debug|Any CPU.Build.0 = Debug|Any CPU
		{B78A151D-31B3-4CFB-A2C1-FA69B3BF948E}.Release|Any CPU.ActiveCfg = Release|Any CPU
		{B78A151D-31B3-4CFB-A2C1-FA69B3BF948E}.Release|Any CPU.Build.0 = Release|Any CPU
		{502D3A4F-E80C-4D7D-80DA-F0DE52F9418C}.Debug|Any CPU.ActiveCfg = Debug|Any CPU
		{502D3A4F-E80C-4D7D-80DA-F0DE52F9418C}.Debug|Any CPU.Build.0 = Debug|Any CPU
		{502D3A4F-E80C-4D7D-80DA-F0DE52F9418C}.Release|Any CPU.ActiveCfg = Release|Any CPU
		{502D3A4F-E80C-4D7D-80DA-F0DE52F9418C}.Release|Any CPU.Build.0 = Release|Any CPU
		{7E917711-39CA-43D9-A0AE-8F88486528FD}.Debug|Any CPU.ActiveCfg = Debug|Any CPU
		{7E917711-39CA-43D9-A0AE-8F88486528FD}.Debug|Any CPU.Build.0 = Debug|Any CPU
		{7E917711-39CA-43D9-A0AE-8F88486528FD}.Release|Any CPU.ActiveCfg = Release|Any CPU
		{7E917711-39CA-43D9-A0AE-8F88486528FD}.Release|Any CPU.Build.0 = Release|Any CPU
		{7855CCC0-90BB-44B6-83DC-910EE9224DE4}.Debug|Any CPU.ActiveCfg = Debug|Any CPU
		{7855CCC0-90BB-44B6-83DC-910EE9224DE4}.Debug|Any CPU.Build.0 = Debug|Any CPU
		{7855CCC0-90BB-44B6-83DC-910EE9224DE4}.Release|Any CPU.ActiveCfg = Release|Any CPU
		{7855CCC0-90BB-44B6-83DC-910EE9224DE4}.Release|Any CPU.Build.0 = Release|Any CPU
		{D15E16FD-87F0-460E-A2FA-9D158CACD9C2}.Debug|Any CPU.ActiveCfg = Debug|Any CPU
		{D15E16FD-87F0-460E-A2FA-9D158CACD9C2}.Debug|Any CPU.Build.0 = Debug|Any CPU
		{D15E16FD-87F0-460E-A2FA-9D158CACD9C2}.Release|Any CPU.ActiveCfg = Release|Any CPU
		{D15E16FD-87F0-460E-A2FA-9D158CACD9C2}.Release|Any CPU.Build.0 = Release|Any CPU
		{8D364403-E9C7-45B3-A76F-5D85C84276A5}.Debug|Any CPU.ActiveCfg = Debug|Any CPU
		{8D364403-E9C7-45B3-A76F-5D85C84276A5}.Debug|Any CPU.Build.0 = Debug|Any CPU
		{8D364403-E9C7-45B3-A76F-5D85C84276A5}.Release|Any CPU.ActiveCfg = Release|Any CPU
		{8D364403-E9C7-45B3-A76F-5D85C84276A5}.Release|Any CPU.Build.0 = Release|Any CPU
		{A4CAEA1C-66D6-4D03-AF8F-CD9FB6A6EBB3}.Debug|Any CPU.ActiveCfg = Debug|Any CPU
		{A4CAEA1C-66D6-4D03-AF8F-CD9FB6A6EBB3}.Debug|Any CPU.Build.0 = Debug|Any CPU
		{A4CAEA1C-66D6-4D03-AF8F-CD9FB6A6EBB3}.Release|Any CPU.ActiveCfg = Release|Any CPU
		{A4CAEA1C-66D6-4D03-AF8F-CD9FB6A6EBB3}.Release|Any CPU.Build.0 = Release|Any CPU
		{78952243-DF36-4DF6-8370-0CAB95B4099A}.Debug|Any CPU.ActiveCfg = Debug|Any CPU
		{78952243-DF36-4DF6-8370-0CAB95B4099A}.Debug|Any CPU.Build.0 = Debug|Any CPU
		{78952243-DF36-4DF6-8370-0CAB95B4099A}.Release|Any CPU.ActiveCfg = Release|Any CPU
		{78952243-DF36-4DF6-8370-0CAB95B4099A}.Release|Any CPU.Build.0 = Release|Any CPU
	EndGlobalSection
	GlobalSection(SolutionProperties) = preSolution
		HideSolutionNode = FALSE
	EndGlobalSection
	GlobalSection(ExtensibilityGlobals) = postSolution
		SolutionGuid = {28E470CC-D194-4E00-9625-D9C04AA027D9}
	EndGlobalSection
EndGlobal
